
Microsoft Visual Studio Solution File, Format Version 12.00
# Visual Studio 2012
Project("{FAE04EC0-301F-11D3-BF4B-00C04F79EFBC}") = "Client", "Client.csproj", "{BF977DD9-DA82-475D-AE7C-0806A0726425}"
EndProject
Global
	GlobalSection(SolutionConfigurationPlatforms) = preSolution
		Debug|x64 = Debug|x64
		Release|x64 = Release|x64
	EndGlobalSection
	GlobalSection(ProjectConfigurationPlatforms) = postSolution
		{BF977DD9-DA82-475D-AE7C-0806A0726425}.Debug|x64.ActiveCfg = Debug|x64
		{BF977DD9-DA82-475D-AE7C-0806A0726425}.Debug|x64.Build.0 = Debug|x64
		{BF977DD9-DA82-475D-AE7C-0806A0726425}.Release|x64.ActiveCfg = Release|x64
		{BF977DD9-DA82-475D-AE7C-0806A0726425}.Release|x64.Build.0 = Release|x64
	EndGlobalSection
EndGlobal
